
Microsoft Visual Studio Solution File, Format Version 12.00
# Visual Studio Version 17
VisualStudioVersion = 17.4.33213.308
MinimumVisualStudioVersion = 10.0.40219.1
Project("{FAE04EC0-301F-11D3-BF4B-00C04F79EFBC}") = "Northwind.API", "Northwind.API\Northwind.API.csproj", "{1771DCEE-7AA7-44C8-A326-97E9148D4CEE}"
EndProject
Project("{FAE04EC0-301F-11D3-BF4B-00C04F79EFBC}") = "Northwind.MVC", "Northwind.MVC\Northwind.MVC.csproj", "{FE59A450-E2AA-482C-81F1-A8A1ADD3318E}"
EndProject
Project("{2150E333-8FDC-42A3-9474-1A3956D46DE8}") = "Solution Items", "Solution Items", "{E50802CB-A86E-4595-8FD9-86045EA76767}"
	ProjectSection(SolutionItems) = preProject
		ReadMe.txt = ReadMe.txt
	EndProjectSection
EndProject
Project("{FAE04EC0-301F-11D3-BF4B-00C04F79EFBC}") = "Northwind.Client", "Northwind.Client\Northwind.Client.csproj", "{D205A6CA-807D-4666-B68D-6A1B2B042D8A}"
EndProject
Global
	GlobalSection(SolutionConfigurationPlatforms) = preSolution
		Debug|Any CPU = Debug|Any CPU
		Release|Any CPU = Release|Any CPU
	EndGlobalSection
	GlobalSection(ProjectConfigurationPlatforms) = postSolution
		{1771DCEE-7AA7-44C8-A326-97E9148D4CEE}.Debug|Any CPU.ActiveCfg = Debug|Any CPU
		{1771DCEE-7AA7-44C8-A326-97E9148D4CEE}.Debug|Any CPU.Build.0 = Debug|Any CPU
		{1771DCEE-7AA7-44C8-A326-97E9148D4CEE}.Release|Any CPU.ActiveCfg = Release|Any CPU
		{1771DCEE-7AA7-44C8-A326-97E9148D4CEE}.Release|Any CPU.Build.0 = Release|Any CPU
		{FE59A450-E2AA-482C-81F1-A8A1ADD3318E}.Debug|Any CPU.ActiveCfg = Debug|Any CPU
		{FE59A450-E2AA-482C-81F1-A8A1ADD3318E}.Debug|Any CPU.Build.0 = Debug|Any CPU
		{FE59A450-E2AA-482C-81F1-A8A1ADD3318E}.Release|Any CPU.ActiveCfg = Release|Any CPU
		{FE59A450-E2AA-482C-81F1-A8A1ADD3318E}.Release|Any CPU.Build.0 = Release|Any CPU
		{D205A6CA-807D-4666-B68D-6A1B2B042D8A}.Debug|Any CPU.ActiveCfg = Debug|Any CPU
		{D205A6CA-807D-4666-B68D-6A1B2B042D8A}.Debug|Any CPU.Build.0 = Debug|Any CPU
		{D205A6CA-807D-4666-B68D-6A1B2B042D8A}.Release|Any CPU.ActiveCfg = Release|Any CPU
		{D205A6CA-807D-4666-B68D-6A1B2B042D8A}.Release|Any CPU.Build.0 = Release|Any CPU
	EndGlobalSection
	GlobalSection(SolutionProperties) = preSolution
		HideSolutionNode = FALSE
	EndGlobalSection
	GlobalSection(ExtensibilityGlobals) = postSolution
		SolutionGuid = {EF36D68C-C23F-41A2-8D2D-B859B9B7EA4C}
	EndGlobalSection
EndGlobal
